PODS:
  - Alamofire (4.8.2)
  - Mapbox-iOS-SDK (5.2.0)
  - Parchment (1.6.0)

DEPENDENCIES:
  - Alamofire
  - Mapbox-iOS-SDK (~> 5.1)
  - Parchment

SPEC REPOS:
  https://github.com/cocoapods/specs.git:
    - Alamofire
    - Mapbox-iOS-SDK
    - Parchment

SPEC CHECKSUMS:
  Alamofire: ae5c501addb7afdbb13687d7f2f722c78734c2d3
  Mapbox-iOS-SDK: 3e095b305126d52ba166fe215d847b15b6fbee63
  Parchment: d3a7b367c529fa6ef51aa43f5717a7ff36d4b1f5

PODFILE CHECKSUM: f5960badc5e23f5df24b619de3d09dd4db4f7bab

COCOAPODS: 1.7.5
